schema: '2.0'
stages:
  processing:
    cmd: python3 src/data_ingesion.py
    deps:
    - path: data/raw/Housing.csv
      hash: md5
      md5: 801f8030dad1df22a53edfdbfa4e80f0
      size: 29981
      isexec: true
    outs:
    - path: data/processed/data.csv
      hash: md5
      md5: a6f7c23361c6bf7cfe9f51b9f7b12104
      size: 29435
      isexec: true
  train:
    cmd: python3 src/data_building.py
    deps:
    - path: data/processed/data.csv
      hash: md5
      md5: a6f7c23361c6bf7cfe9f51b9f7b12104
      size: 29435
      isexec: true
    - path: params.yml
      hash: md5
      md5: ceba57caea9b824060593a27779ea3b0
      size: 57
      isexec: true
    outs:
    - path: models/model.pkl
      hash: md5
      md5: a293355499eaa332203cb6c46c88b1fa
      size: 2859
      isexec: true
  evaluate:
    cmd: python3 src/data_evaluation.py
    deps:
    - path: data/processed/data.csv
      hash: md5
      md5: a6f7c23361c6bf7cfe9f51b9f7b12104
      size: 29435
      isexec: true
    - path: models/model.pkl
      hash: md5
      md5: a293355499eaa332203cb6c46c88b1fa
      size: 2859
      isexec: true
    outs:
    - path: metrics/score.json
      hash: md5
      md5: 1ddc57d54892bd577a25b320a07610ca
      size: 34
      isexec: true
